
Microsoft Visual Studio Solution File, Format Version 12.00
# Visual Studio Version 17
VisualStudioVersion = 17.9.34622.214
MinimumVisualStudioVersion = 10.0.40219.1
Project("{8BC9CEB8-8B4A-11D0-8D11-00A0C91BC942}") = "Bai01", "Bai01\Bai01.vcxproj", "{8793CFE4-E786-4888-8DFD-1EED56F187B3}"
EndProject
Project("{8BC9CEB8-8B4A-11D0-8D11-00A0C91BC942}") = "Bai02", "Bai02\Bai02.vcxproj", "{1F5053C6-9233-4008-ABFD-444C195A11B1}"
EndProject
Project("{8BC9CEB8-8B4A-11D0-8D11-00A0C91BC942}") = "Bai04", "Bai04\Bai04.vcxproj", "{81F788EF-3F3F-4C79-96D6-8222BA40B220}"
EndProject
Project("{8BC9CEB8-8B4A-11D0-8D11-00A0C91BC942}") = "Bai05", "Bai05\Bai05.vcxproj", "{6C05E73E-983F-4AEE-9DBA-5E6DD3050293}"
EndProject
Project("{8BC9CEB8-8B4A-11D0-8D11-00A0C91BC942}") = "Bai06", "Bai06\Bai06.vcxproj", "{48ECCF61-C25C-467C-95BC-DFD37016A3F8}"
EndProject
Project("{8BC9CEB8-8B4A-11D0-8D11-00A0C91BC942}") = "Bai07", "Bai07\Bai07.vcxproj", "{D15C31C5-56B3-4092-8CCB-4608BDD435D1}"
EndProject
Project("{8BC9CEB8-8B4A-11D0-8D11-00A0C91BC942}") = "Bai08", "Bai08\Bai08.vcxproj", "{63E2B65E-A261-4F6F-BF09-AC6E8B77CAE0}"
EndProject
Project("{8BC9CEB8-8B4A-11D0-8D11-00A0C91BC942}") = "Bai09", "Bai09\Bai09.vcxproj", "{C24C4509-F24B-442C-BFD9-DBEF8A972FB9}"
EndProject
Project("{8BC9CEB8-8B4A-11D0-8D11-00A0C91BC942}") = "Bai10", "Bai10\Bai10.vcxproj", "{28797847-58AB-4E33-8291-38702BBE5BB0}"
EndProject
Project("{8BC9CEB8-8B4A-11D0-8D11-00A0C91BC942}") = "Bai11", "Bai11\Bai11.vcxproj", "{91B262B4-BA2E-464E-8A10-369A4252D462}"
EndProject
Project("{8BC9CEB8-8B4A-11D0-8D11-00A0C91BC942}") = "Bai12", "Bai12\Bai12.vcxproj", "{398959CE-593F-4CE5-91B6-A81458F1BFB6}"
EndProject
Project("{8BC9CEB8-8B4A-11D0-8D11-00A0C91BC942}") = "Bai03", "Bai03\Bai03.vcxproj", "{2F256947-FF31-4914-AC11-DAC0CBBD23D3}"
EndProject
Global
	GlobalSection(SolutionConfigurationPlatforms) = preSolution
		Debug|x64 = Debug|x64
		Debug|x86 = Debug|x86
		Release|x64 = Release|x64
		Release|x86 = Release|x86
	EndGlobalSection
	GlobalSection(ProjectConfigurationPlatforms) = postSolution
		{8793CFE4-E786-4888-8DFD-1EED56F187B3}.Debug|x64.ActiveCfg = Debug|x64
		{8793CFE4-E786-4888-8DFD-1EED56F187B3}.Debug|x64.Build.0 = Debug|x64
		{8793CFE4-E786-4888-8DFD-1EED56F187B3}.Debug|x86.ActiveCfg = Debug|Win32
		{8793CFE4-E786-4888-8DFD-1EED56F187B3}.Debug|x86.Build.0 = Debug|Win32
		{8793CFE4-E786-4888-8DFD-1EED56F187B3}.Release|x64.ActiveCfg = Release|x64
		{8793CFE4-E786-4888-8DFD-1EED56F187B3}.Release|x64.Build.0 = Release|x64
		{8793CFE4-E786-4888-8DFD-1EED56F187B3}.Release|x86.ActiveCfg = Release|Win32
		{8793CFE4-E786-4888-8DFD-1EED56F187B3}.Release|x86.Build.0 = Release|Win32
		{1F5053C6-9233-4008-ABFD-444C195A11B1}.Debug|x64.ActiveCfg = Debug|x64
		{1F5053C6-9233-4008-ABFD-444C195A11B1}.Debug|x64.Build.0 = Debug|x64
		{1F5053C6-9233-4008-ABFD-444C195A11B1}.Debug|x86.ActiveCfg = Debug|Win32
		{1F5053C6-9233-4008-ABFD-444C195A11B1}.Debug|x86.Build.0 = Debug|Win32
		{1F5053C6-9233-4008-ABFD-444C195A11B1}.Release|x64.ActiveCfg = Release|x64
		{1F5053C6-9233-4008-ABFD-444C195A11B1}.Release|x64.Build.0 = Release|x64
		{1F5053C6-9233-4008-ABFD-444C195A11B1}.Release|x86.ActiveCfg = Release|Win32
		{1F5053C6-9233-4008-ABFD-444C195A11B1}.Release|x86.Build.0 = Release|Win32
		{81F788EF-3F3F-4C79-96D6-8222BA40B220}.Debug|x64.ActiveCfg = Debug|x64
		{81F788EF-3F3F-4C79-96D6-8222BA40B220}.Debug|x64.Build.0 = Debug|x64
		{81F788EF-3F3F-4C79-96D6-8222BA40B220}.Debug|x86.ActiveCfg = Debug|Win32
		{81F788EF-3F3F-4C79-96D6-8222BA40B220}.Debug|x86.Build.0 = Debug|Win32
		{81F788EF-3F3F-4C79-96D6-8222BA40B220}.Release|x64.ActiveCfg = Release|x64
		{81F788EF-3F3F-4C79-96D6-8222BA40B220}.Release|x64.Build.0 = Release|x64
		{81F788EF-3F3F-4C79-96D6-8222BA40B220}.Release|x86.ActiveCfg = Release|Win32
		{81F788EF-3F3F-4C79-96D6-8222BA40B220}.Release|x86.Build.0 = Release|Win32
		{6C05E73E-983F-4AEE-9DBA-5E6DD3050293}.Debug|x64.ActiveCfg = Debug|x64
		{6C05E73E-983F-4AEE-9DBA-5E6DD3050293}.Debug|x64.Build.0 = Debug|x64
		{6C05E73E-983F-4AEE-9DBA-5E6DD3050293}.Debug|x86.ActiveCfg = Debug|Win32
		{6C05E73E-983F-4AEE-9DBA-5E6DD3050293}.Debug|x86.Build.0 = Debug|Win32
		{6C05E73E-983F-4AEE-9DBA-5E6DD3050293}.Release|x64.ActiveCfg = Release|x64
		{6C05E73E-983F-4AEE-9DBA-5E6DD3050293}.Release|x64.Build.0 = Release|x64
		{6C05E73E-983F-4AEE-9DBA-5E6DD3050293}.Release|x86.ActiveCfg = Release|Win32
		{6C05E73E-983F-4AEE-9DBA-5E6DD3050293}.Release|x86.Build.0 = Release|Win32
		{48ECCF61-C25C-467C-95BC-DFD37016A3F8}.Debug|x64.ActiveCfg = Debug|x64
		{48ECCF61-C25C-467C-95BC-DFD37016A3F8}.Debug|x64.Build.0 = Debug|x64
		{48ECCF61-C25C-467C-95BC-DFD37016A3F8}.Debug|x86.ActiveCfg = Debug|Win32
		{48ECCF61-C25C-467C-95BC-DFD37016A3F8}.Debug|x86.Build.0 = Debug|Win32
		{48ECCF61-C25C-467C-95BC-DFD37016A3F8}.Release|x64.ActiveCfg = Release|x64
		{48ECCF61-C25C-467C-95BC-DFD37016A3F8}.Release|x64.Build.0 = Release|x64
		{48ECCF61-C25C-467C-95BC-DFD37016A3F8}.Release|x86.ActiveCfg = Release|Win32
		{48ECCF61-C25C-467C-95BC-DFD37016A3F8}.Release|x86.Build.0 = Release|Win32
		{D15C31C5-56B3-4092-8CCB-4608BDD435D1}.Debug|x64.ActiveCfg = Debug|x64
		{D15C31C5-56B3-4092-8CCB-4608BDD435D1}.Debug|x64.Build.0 = Debug|x64
		{D15C31C5-56B3-4092-8CCB-4608BDD435D1}.Debug|x86.ActiveCfg = Debug|Win32
		{D15C31C5-56B3-4092-8CCB-4608BDD435D1}.Debug|x86.Build.0 = Debug|Win32
		{D15C31C5-56B3-4092-8CCB-4608BDD435D1}.Release|x64.ActiveCfg = Release|x64
		{D15C31C5-56B3-4092-8CCB-4608BDD435D1}.Release|x64.Build.0 = Release|x64
		{D15C31C5-56B3-4092-8CCB-4608BDD435D1}.Release|x86.ActiveCfg = Release|Win32
		{D15C31C5-56B3-4092-8CCB-4608BDD435D1}.Release|x86.Build.0 = Release|Win32
		{63E2B65E-A261-4F6F-BF09-AC6E8B77CAE0}.Debug|x64.ActiveCfg = Debug|x64
		{63E2B65E-A261-4F6F-BF09-AC6E8B77CAE0}.Debug|x64.Build.0 = Debug|x64
		{63E2B65E-A261-4F6F-BF09-AC6E8B77CAE0}.Debug|x86.ActiveCfg = Debug|Win32
		{63E2B65E-A261-4F6F-BF09-AC6E8B77CAE0}.Debug|x86.Build.0 = Debug|Win32
		{63E2B65E-A261-4F6F-BF09-AC6E8B77CAE0}.Release|x64.ActiveCfg = Release|x64
		{63E2B65E-A261-4F6F-BF09-AC6E8B77CAE0}.Release|x64.Build.0 = Release|x64
		{63E2B65E-A261-4F6F-BF09-AC6E8B77CAE0}.Release|x86.ActiveCfg = Release|Win32
		{63E2B65E-A261-4F6F-BF09-AC6E8B77CAE0}.Release|x86.Build.0 = Release|Win32
		{C24C4509-F24B-442C-BFD9-DBEF8A972FB9}.Debug|x64.ActiveCfg = Debug|x64
		{C24C4509-F24B-442C-BFD9-DBEF8A972FB9}.Debug|x64.Build.0 = Debug|x64
		{C24C4509-F24B-442C-BFD9-DBEF8A972FB9}.Debug|x86.ActiveCfg = Debug|Win32
		{C24C4509-F24B-442C-BFD9-DBEF8A972FB9}.Debug|x86.Build.0 = Debug|Win32
		{C24C4509-F24B-442C-BFD9-DBEF8A972FB9}.Release|x64.ActiveCfg = Release|x64
		{C24C4509-F24B-442C-BFD9-DBEF8A972FB9}.Release|x64.Build.0 = Release|x64
		{C24C4509-F24B-442C-BFD9-DBEF8A972FB9}.Release|x86.ActiveCfg = Release|Win32
		{C24C4509-F24B-442C-BFD9-DBEF8A972FB9}.Release|x86.Build.0 = Release|Win32
		{28797847-58AB-4E33-8291-38702BBE5BB0}.Debug|x64.ActiveCfg = Debug|x64
		{28797847-58AB-4E33-8291-38702BBE5BB0}.Debug|x64.Build.0 = Debug|x64
		{28797847-58AB-4E33-8291-38702BBE5BB0}.Debug|x86.ActiveCfg = Debug|Win32
		{28797847-58AB-4E33-8291-38702BBE5BB0}.Debug|x86.Build.0 = Debug|Win32
		{28797847-58AB-4E33-8291-38702BBE5BB0}.Release|x64.ActiveCfg = Release|x64
		{28797847-58AB-4E33-8291-38702BBE5BB0}.Release|x64.Build.0 = Release|x64
		{28797847-58AB-4E33-8291-38702BBE5BB0}.Release|x86.ActiveCfg = Release|Win32
		{28797847-58AB-4E33-8291-38702BBE5BB0}.Release|x86.Build.0 = Release|Win32
		{91B262B4-BA2E-464E-8A10-369A4252D462}.Debug|x64.ActiveCfg = Debug|x64
		{91B262B4-BA2E-464E-8A10-369A4252D462}.Debug|x64.Build.0 = Debug|x64
		{91B262B4-BA2E-464E-8A10-369A4252D462}.Debug|x86.ActiveCfg = Debug|Win32
		{91B262B4-BA2E-464E-8A10-369A4252D462}.Debug|x86.Build.0 = Debug|Win32
		{91B262B4-BA2E-464E-8A10-369A4252D462}.Release|x64.ActiveCfg = Release|x64
		{91B262B4-BA2E-464E-8A10-369A4252D462}.Release|x64.Build.0 = Release|x64
		{91B262B4-BA2E-464E-8A10-369A4252D462}.Release|x86.ActiveCfg = Release|Win32
		{91B262B4-BA2E-464E-8A10-369A4252D462}.Release|x86.Build.0 = Release|Win32
		{398959CE-593F-4CE5-91B6-A81458F1BFB6}.Debug|x64.ActiveCfg = Debug|x64
		{398959CE-593F-4CE5-91B6-A81458F1BFB6}.Debug|x64.Build.0 = Debug|x64
		{398959CE-593F-4CE5-91B6-A81458F1BFB6}.Debug|x86.ActiveCfg = Debug|Win32
		{398959CE-593F-4CE5-91B6-A81458F1BFB6}.Debug|x86.Build.0 = Debug|Win32
		{398959CE-593F-4CE5-91B6-A81458F1BFB6}.Release|x64.ActiveCfg = Release|x64
		{398959CE-593F-4CE5-91B6-A81458F1BFB6}.Release|x64.Build.0 = Release|x64
		{398959CE-593F-4CE5-91B6-A81458F1BFB6}.Release|x86.ActiveCfg = Release|Win32
		{398959CE-593F-4CE5-91B6-A81458F1BFB6}.Release|x86.Build.0 = Release|Win32
		{2F256947-FF31-4914-AC11-DAC0CBBD23D3}.Debug|x64.ActiveCfg = Debug|x64
		{2F256947-FF31-4914-AC11-DAC0CBBD23D3}.Debug|x64.Build.0 = Debug|x64
		{2F256947-FF31-4914-AC11-DAC0CBBD23D3}.Debug|x86.ActiveCfg = Debug|Win32
		{2F256947-FF31-4914-AC11-DAC0CBBD23D3}.Debug|x86.Build.0 = Debug|Win32
		{2F256947-FF31-4914-AC11-DAC0CBBD23D3}.Release|x64.ActiveCfg = Release|x64
		{2F256947-FF31-4914-AC11-DAC0CBBD23D3}.Release|x64.Build.0 = Release|x64
		{2F256947-FF31-4914-AC11-DAC0CBBD23D3}.Release|x86.ActiveCfg = Release|Win32
		{2F256947-FF31-4914-AC11-DAC0CBBD23D3}.Release|x86.Build.0 = Release|Win32
	EndGlobalSection
	GlobalSection(SolutionProperties) = preSolution
		HideSolutionNode = FALSE
	EndGlobalSection
	GlobalSection(ExtensibilityGlobals) = postSolution
		SolutionGuid = {6A14D0BA-5B20-4A22-9538-232245B37205}
	EndGlobalSection
EndGlobal
