
Microsoft Visual Studio Solution File, Format Version 12.00
# Visual Studio Version 17
VisualStudioVersion = 17.9.34622.214
MinimumVisualStudioVersion = 10.0.40219.1
Project("{8BC9CEB8-8B4A-11D0-8D11-00A0C91BC942}") = "Bai01", "Bai01\Bai01.vcxproj", "{2F321E8D-DE11-4C43-85DF-05F307BF2ACC}"
EndProject
Project("{8BC9CEB8-8B4A-11D0-8D11-00A0C91BC942}") = "Bai02", "Bai02\Bai02.vcxproj", "{310A5AED-3FFA-42A9-A91C-04ABC10B9536}"
EndProject
Project("{8BC9CEB8-8B4A-11D0-8D11-00A0C91BC942}") = "Bai03", "Bai03\Bai03.vcxproj", "{523ABEEB-E820-4882-B994-1E13F8AEC8F4}"
EndProject
Project("{8BC9CEB8-8B4A-11D0-8D11-00A0C91BC942}") = "Bai04", "Bai04\Bai04.vcxproj", "{3F112C38-EA9D-4414-BB93-4354702AFB62}"
EndProject
Project("{8BC9CEB8-8B4A-11D0-8D11-00A0C91BC942}") = "Bai05", "Bai05\Bai05.vcxproj", "{5E516CD2-1648-4826-AACD-7D76FD867812}"
EndProject
Project("{8BC9CEB8-8B4A-11D0-8D11-00A0C91BC942}") = "Bai06", "Bai06\Bai06.vcxproj", "{8A62B006-56CF-47F4-B0A8-D9D96533DDEA}"
EndProject
Project("{8BC9CEB8-8B4A-11D0-8D11-00A0C91BC942}") = "Bai07", "Bai07\Bai07.vcxproj", "{2680F1EA-D40B-499E-B023-0E94FEE2BEEB}"
EndProject
Project("{8BC9CEB8-8B4A-11D0-8D11-00A0C91BC942}") = "Bai08", "Bai08\Bai08.vcxproj", "{13BDB48F-4F5D-47D0-8711-CB2F30992EAB}"
EndProject
Project("{8BC9CEB8-8B4A-11D0-8D11-00A0C91BC942}") = "Bai09", "Bai09\Bai09.vcxproj", "{944633A6-BF16-4D3E-AAC1-AC9F159FB0D6}"
EndProject
Global
	GlobalSection(SolutionConfigurationPlatforms) = preSolution
		Debug|x64 = Debug|x64
		Debug|x86 = Debug|x86
		Release|x64 = Release|x64
		Release|x86 = Release|x86
	EndGlobalSection
	GlobalSection(ProjectConfigurationPlatforms) = postSolution
		{2F321E8D-DE11-4C43-85DF-05F307BF2ACC}.Debug|x64.ActiveCfg = Debug|x64
		{2F321E8D-DE11-4C43-85DF-05F307BF2ACC}.Debug|x64.Build.0 = Debug|x64
		{2F321E8D-DE11-4C43-85DF-05F307BF2ACC}.Debug|x86.ActiveCfg = Debug|Win32
		{2F321E8D-DE11-4C43-85DF-05F307BF2ACC}.Debug|x86.Build.0 = Debug|Win32
		{2F321E8D-DE11-4C43-85DF-05F307BF2ACC}.Release|x64.ActiveCfg = Release|x64
		{2F321E8D-DE11-4C43-85DF-05F307BF2ACC}.Release|x64.Build.0 = Release|x64
		{2F321E8D-DE11-4C43-85DF-05F307BF2ACC}.Release|x86.ActiveCfg = Release|Win32
		{2F321E8D-DE11-4C43-85DF-05F307BF2ACC}.Release|x86.Build.0 = Release|Win32
		{310A5AED-3FFA-42A9-A91C-04ABC10B9536}.Debug|x64.ActiveCfg = Debug|x64
		{310A5AED-3FFA-42A9-A91C-04ABC10B9536}.Debug|x64.Build.0 = Debug|x64
		{310A5AED-3FFA-42A9-A91C-04ABC10B9536}.Debug|x86.ActiveCfg = Debug|Win32
		{310A5AED-3FFA-42A9-A91C-04ABC10B9536}.Debug|x86.Build.0 = Debug|Win32
		{310A5AED-3FFA-42A9-A91C-04ABC10B9536}.Release|x64.ActiveCfg = Release|x64
		{310A5AED-3FFA-42A9-A91C-04ABC10B9536}.Release|x64.Build.0 = Release|x64
		{310A5AED-3FFA-42A9-A91C-04ABC10B9536}.Release|x86.ActiveCfg = Release|Win32
		{310A5AED-3FFA-42A9-A91C-04ABC10B9536}.Release|x86.Build.0 = Release|Win32
		{523ABEEB-E820-4882-B994-1E13F8AEC8F4}.Debug|x64.ActiveCfg = Debug|x64
		{523ABEEB-E820-4882-B994-1E13F8AEC8F4}.Debug|x64.Build.0 = Debug|x64
		{523ABEEB-E820-4882-B994-1E13F8AEC8F4}.Debug|x86.ActiveCfg = Debug|Win32
		{523ABEEB-E820-4882-B994-1E13F8AEC8F4}.Debug|x86.Build.0 = Debug|Win32
		{523ABEEB-E820-4882-B994-1E13F8AEC8F4}.Release|x64.ActiveCfg = Release|x64
		{523ABEEB-E820-4882-B994-1E13F8AEC8F4}.Release|x64.Build.0 = Release|x64
		{523ABEEB-E820-4882-B994-1E13F8AEC8F4}.Release|x86.ActiveCfg = Release|Win32
		{523ABEEB-E820-4882-B994-1E13F8AEC8F4}.Release|x86.Build.0 = Release|Win32
		{3F112C38-EA9D-4414-BB93-4354702AFB62}.Debug|x64.ActiveCfg = Debug|x64
		{3F112C38-EA9D-4414-BB93-4354702AFB62}.Debug|x64.Build.0 = Debug|x64
		{3F112C38-EA9D-4414-BB93-4354702AFB62}.Debug|x86.ActiveCfg = Debug|Win32
		{3F112C38-EA9D-4414-BB93-4354702AFB62}.Debug|x86.Build.0 = Debug|Win32
		{3F112C38-EA9D-4414-BB93-4354702AFB62}.Release|x64.ActiveCfg = Release|x64
		{3F112C38-EA9D-4414-BB93-4354702AFB62}.Release|x64.Build.0 = Release|x64
		{3F112C38-EA9D-4414-BB93-4354702AFB62}.Release|x86.ActiveCfg = Release|Win32
		{3F112C38-EA9D-4414-BB93-4354702AFB62}.Release|x86.Build.0 = Release|Win32
		{5E516CD2-1648-4826-AACD-7D76FD867812}.Debug|x64.ActiveCfg = Debug|x64
		{5E516CD2-1648-4826-AACD-7D76FD867812}.Debug|x64.Build.0 = Debug|x64
		{5E516CD2-1648-4826-AACD-7D76FD867812}.Debug|x86.ActiveCfg = Debug|Win32
		{5E516CD2-1648-4826-AACD-7D76FD867812}.Debug|x86.Build.0 = Debug|Win32
		{5E516CD2-1648-4826-AACD-7D76FD867812}.Release|x64.ActiveCfg = Release|x64
		{5E516CD2-1648-4826-AACD-7D76FD867812}.Release|x64.Build.0 = Release|x64
		{5E516CD2-1648-4826-AACD-7D76FD867812}.Release|x86.ActiveCfg = Release|Win32
		{5E516CD2-1648-4826-AACD-7D76FD867812}.Release|x86.Build.0 = Release|Win32
		{8A62B006-56CF-47F4-B0A8-D9D96533DDEA}.Debug|x64.ActiveCfg = Debug|x64
		{8A62B006-56CF-47F4-B0A8-D9D96533DDEA}.Debug|x64.Build.0 = Debug|x64
		{8A62B006-56CF-47F4-B0A8-D9D96533DDEA}.Debug|x86.ActiveCfg = Debug|Win32
		{8A62B006-56CF-47F4-B0A8-D9D96533DDEA}.Debug|x86.Build.0 = Debug|Win32
		{8A62B006-56CF-47F4-B0A8-D9D96533DDEA}.Release|x64.ActiveCfg = Release|x64
		{8A62B006-56CF-47F4-B0A8-D9D96533DDEA}.Release|x64.Build.0 = Release|x64
		{8A62B006-56CF-47F4-B0A8-D9D96533DDEA}.Release|x86.ActiveCfg = Release|Win32
		{8A62B006-56CF-47F4-B0A8-D9D96533DDEA}.Release|x86.Build.0 = Release|Win32
		{2680F1EA-D40B-499E-B023-0E94FEE2BEEB}.Debug|x64.ActiveCfg = Debug|x64
		{2680F1EA-D40B-499E-B023-0E94FEE2BEEB}.Debug|x64.Build.0 = Debug|x64
		{2680F1EA-D40B-499E-B023-0E94FEE2BEEB}.Debug|x86.ActiveCfg = Debug|Win32
		{2680F1EA-D40B-499E-B023-0E94FEE2BEEB}.Debug|x86.Build.0 = Debug|Win32
		{2680F1EA-D40B-499E-B023-0E94FEE2BEEB}.Release|x64.ActiveCfg = Release|x64
		{2680F1EA-D40B-499E-B023-0E94FEE2BEEB}.Release|x64.Build.0 = Release|x64
		{2680F1EA-D40B-499E-B023-0E94FEE2BEEB}.Release|x86.ActiveCfg = Release|Win32
		{2680F1EA-D40B-499E-B023-0E94FEE2BEEB}.Release|x86.Build.0 = Release|Win32
		{13BDB48F-4F5D-47D0-8711-CB2F30992EAB}.Debug|x64.ActiveCfg = Debug|x64
		{13BDB48F-4F5D-47D0-8711-CB2F30992EAB}.Debug|x64.Build.0 = Debug|x64
		{13BDB48F-4F5D-47D0-8711-CB2F30992EAB}.Debug|x86.ActiveCfg = Debug|Win32
		{13BDB48F-4F5D-47D0-8711-CB2F30992EAB}.Debug|x86.Build.0 = Debug|Win32
		{13BDB48F-4F5D-47D0-8711-CB2F30992EAB}.Release|x64.ActiveCfg = Release|x64
		{13BDB48F-4F5D-47D0-8711-CB2F30992EAB}.Release|x64.Build.0 = Release|x64
		{13BDB48F-4F5D-47D0-8711-CB2F30992EAB}.Release|x86.ActiveCfg = Release|Win32
		{13BDB48F-4F5D-47D0-8711-CB2F30992EAB}.Release|x86.Build.0 = Release|Win32
		{944633A6-BF16-4D3E-AAC1-AC9F159FB0D6}.Debug|x64.ActiveCfg = Debug|x64
		{944633A6-BF16-4D3E-AAC1-AC9F159FB0D6}.Debug|x64.Build.0 = Debug|x64
		{944633A6-BF16-4D3E-AAC1-AC9F159FB0D6}.Debug|x86.ActiveCfg = Debug|Win32
		{944633A6-BF16-4D3E-AAC1-AC9F159FB0D6}.Debug|x86.Build.0 = Debug|Win32
		{944633A6-BF16-4D3E-AAC1-AC9F159FB0D6}.Release|x64.ActiveCfg = Release|x64
		{944633A6-BF16-4D3E-AAC1-AC9F159FB0D6}.Release|x64.Build.0 = Release|x64
		{944633A6-BF16-4D3E-AAC1-AC9F159FB0D6}.Release|x86.ActiveCfg = Release|Win32
		{944633A6-BF16-4D3E-AAC1-AC9F159FB0D6}.Release|x86.Build.0 = Release|Win32
	EndGlobalSection
	GlobalSection(SolutionProperties) = preSolution
		HideSolutionNode = FALSE
	EndGlobalSection
	GlobalSection(ExtensibilityGlobals) = postSolution
		SolutionGuid = {E07DA450-C2AF-4CC6-8E8D-040A140E1888}
	EndGlobalSection
EndGlobal
