
Microsoft Visual Studio Solution File, Format Version 12.00
# Visual Studio Version 17
VisualStudioVersion = 17.9.34622.214
MinimumVisualStudioVersion = 10.0.40219.1
Project("{8BC9CEB8-8B4A-11D0-8D11-00A0C91BC942}") = "Bai01", "Bai01\Bai01.vcxproj", "{335CAB7D-3909-41F4-96CC-023ED0798127}"
EndProject
Project("{8BC9CEB8-8B4A-11D0-8D11-00A0C91BC942}") = "Bai03", "Bai03\Bai03.vcxproj", "{8FD8093E-79C4-4A97-A0F4-E80554D49A83}"
EndProject
Project("{8BC9CEB8-8B4A-11D0-8D11-00A0C91BC942}") = "Bai05", "Bai05\Bai05.vcxproj", "{E04FC16B-8E9E-4DBF-9EF0-A1E4564D63C8}"
EndProject
Project("{8BC9CEB8-8B4A-11D0-8D11-00A0C91BC942}") = "Bai04", "Bai04\Bai04.vcxproj", "{D985B7A3-0825-49E0-80B5-8723176B4154}"
EndProject
Project("{8BC9CEB8-8B4A-11D0-8D11-00A0C91BC942}") = "Bai06", "Bai06\Bai06.vcxproj", "{5DCF26A7-2EF0-4C53-B7CF-D5B6B97C0825}"
EndProject
Project("{8BC9CEB8-8B4A-11D0-8D11-00A0C91BC942}") = "Bai07", "Bai07\Bai07.vcxproj", "{356EC269-5F87-4ECF-AEC3-DC9400F08C9B}"
EndProject
Project("{8BC9CEB8-8B4A-11D0-8D11-00A0C91BC942}") = "Bai08", "Bai08\Bai08.vcxproj", "{EE4C969A-3347-49BA-BD44-3BF33FE4D427}"
EndProject
Project("{8BC9CEB8-8B4A-11D0-8D11-00A0C91BC942}") = "Bai09", "Bai09\Bai09.vcxproj", "{FDF1A2D4-0E58-4F3A-94A5-22866E9F4912}"
EndProject
Project("{8BC9CEB8-8B4A-11D0-8D11-00A0C91BC942}") = "Bai10", "Bai10\Bai10.vcxproj", "{DF5F1781-6E02-4935-8D31-3ACDD0B49D0A}"
EndProject
Project("{8BC9CEB8-8B4A-11D0-8D11-00A0C91BC942}") = "Bai11", "Bai11\Bai11.vcxproj", "{32A0DCE6-5674-47E8-8F40-61A5A9153255}"
EndProject
Project("{8BC9CEB8-8B4A-11D0-8D11-00A0C91BC942}") = "Bai12", "Bai12\Bai12.vcxproj", "{3AA19525-C776-466F-9503-EFC3198A1461}"
EndProject
Project("{8BC9CEB8-8B4A-11D0-8D11-00A0C91BC942}") = "Bai02", "Bai02\Bai02.vcxproj", "{D8324923-B831-41CA-A62B-C8756F73A40A}"
EndProject
Global
	GlobalSection(SolutionConfigurationPlatforms) = preSolution
		Debug|x64 = Debug|x64
		Debug|x86 = Debug|x86
		Release|x64 = Release|x64
		Release|x86 = Release|x86
	EndGlobalSection
	GlobalSection(ProjectConfigurationPlatforms) = postSolution
		{335CAB7D-3909-41F4-96CC-023ED0798127}.Debug|x64.ActiveCfg = Debug|x64
		{335CAB7D-3909-41F4-96CC-023ED0798127}.Debug|x64.Build.0 = Debug|x64
		{335CAB7D-3909-41F4-96CC-023ED0798127}.Debug|x86.ActiveCfg = Debug|Win32
		{335CAB7D-3909-41F4-96CC-023ED0798127}.Debug|x86.Build.0 = Debug|Win32
		{335CAB7D-3909-41F4-96CC-023ED0798127}.Release|x64.ActiveCfg = Release|x64
		{335CAB7D-3909-41F4-96CC-023ED0798127}.Release|x64.Build.0 = Release|x64
		{335CAB7D-3909-41F4-96CC-023ED0798127}.Release|x86.ActiveCfg = Release|Win32
		{335CAB7D-3909-41F4-96CC-023ED0798127}.Release|x86.Build.0 = Release|Win32
		{8FD8093E-79C4-4A97-A0F4-E80554D49A83}.Debug|x64.ActiveCfg = Debug|x64
		{8FD8093E-79C4-4A97-A0F4-E80554D49A83}.Debug|x64.Build.0 = Debug|x64
		{8FD8093E-79C4-4A97-A0F4-E80554D49A83}.Debug|x86.ActiveCfg = Debug|Win32
		{8FD8093E-79C4-4A97-A0F4-E80554D49A83}.Debug|x86.Build.0 = Debug|Win32
		{8FD8093E-79C4-4A97-A0F4-E80554D49A83}.Release|x64.ActiveCfg = Release|x64
		{8FD8093E-79C4-4A97-A0F4-E80554D49A83}.Release|x64.Build.0 = Release|x64
		{8FD8093E-79C4-4A97-A0F4-E80554D49A83}.Release|x86.ActiveCfg = Release|Win32
		{8FD8093E-79C4-4A97-A0F4-E80554D49A83}.Release|x86.Build.0 = Release|Win32
		{E04FC16B-8E9E-4DBF-9EF0-A1E4564D63C8}.Debug|x64.ActiveCfg = Debug|x64
		{E04FC16B-8E9E-4DBF-9EF0-A1E4564D63C8}.Debug|x64.Build.0 = Debug|x64
		{E04FC16B-8E9E-4DBF-9EF0-A1E4564D63C8}.Debug|x86.ActiveCfg = Debug|Win32
		{E04FC16B-8E9E-4DBF-9EF0-A1E4564D63C8}.Debug|x86.Build.0 = Debug|Win32
		{E04FC16B-8E9E-4DBF-9EF0-A1E4564D63C8}.Release|x64.ActiveCfg = Release|x64
		{E04FC16B-8E9E-4DBF-9EF0-A1E4564D63C8}.Release|x64.Build.0 = Release|x64
		{E04FC16B-8E9E-4DBF-9EF0-A1E4564D63C8}.Release|x86.ActiveCfg = Release|Win32
		{E04FC16B-8E9E-4DBF-9EF0-A1E4564D63C8}.Release|x86.Build.0 = Release|Win32
		{D985B7A3-0825-49E0-80B5-8723176B4154}.Debug|x64.ActiveCfg = Debug|x64
		{D985B7A3-0825-49E0-80B5-8723176B4154}.Debug|x64.Build.0 = Debug|x64
		{D985B7A3-0825-49E0-80B5-8723176B4154}.Debug|x86.ActiveCfg = Debug|Win32
		{D985B7A3-0825-49E0-80B5-8723176B4154}.Debug|x86.Build.0 = Debug|Win32
		{D985B7A3-0825-49E0-80B5-8723176B4154}.Release|x64.ActiveCfg = Release|x64
		{D985B7A3-0825-49E0-80B5-8723176B4154}.Release|x64.Build.0 = Release|x64
		{D985B7A3-0825-49E0-80B5-8723176B4154}.Release|x86.ActiveCfg = Release|Win32
		{D985B7A3-0825-49E0-80B5-8723176B4154}.Release|x86.Build.0 = Release|Win32
		{5DCF26A7-2EF0-4C53-B7CF-D5B6B97C0825}.Debug|x64.ActiveCfg = Debug|x64
		{5DCF26A7-2EF0-4C53-B7CF-D5B6B97C0825}.Debug|x64.Build.0 = Debug|x64
		{5DCF26A7-2EF0-4C53-B7CF-D5B6B97C0825}.Debug|x86.ActiveCfg = Debug|Win32
		{5DCF26A7-2EF0-4C53-B7CF-D5B6B97C0825}.Debug|x86.Build.0 = Debug|Win32
		{5DCF26A7-2EF0-4C53-B7CF-D5B6B97C0825}.Release|x64.ActiveCfg = Release|x64
		{5DCF26A7-2EF0-4C53-B7CF-D5B6B97C0825}.Release|x64.Build.0 = Release|x64
		{5DCF26A7-2EF0-4C53-B7CF-D5B6B97C0825}.Release|x86.ActiveCfg = Release|Win32
		{5DCF26A7-2EF0-4C53-B7CF-D5B6B97C0825}.Release|x86.Build.0 = Release|Win32
		{356EC269-5F87-4ECF-AEC3-DC9400F08C9B}.Debug|x64.ActiveCfg = Debug|x64
		{356EC269-5F87-4ECF-AEC3-DC9400F08C9B}.Debug|x64.Build.0 = Debug|x64
		{356EC269-5F87-4ECF-AEC3-DC9400F08C9B}.Debug|x86.ActiveCfg = Debug|Win32
		{356EC269-5F87-4ECF-AEC3-DC9400F08C9B}.Debug|x86.Build.0 = Debug|Win32
		{356EC269-5F87-4ECF-AEC3-DC9400F08C9B}.Release|x64.ActiveCfg = Release|x64
		{356EC269-5F87-4ECF-AEC3-DC9400F08C9B}.Release|x64.Build.0 = Release|x64
		{356EC269-5F87-4ECF-AEC3-DC9400F08C9B}.Release|x86.ActiveCfg = Release|Win32
		{356EC269-5F87-4ECF-AEC3-DC9400F08C9B}.Release|x86.Build.0 = Release|Win32
		{EE4C969A-3347-49BA-BD44-3BF33FE4D427}.Debug|x64.ActiveCfg = Debug|x64
		{EE4C969A-3347-49BA-BD44-3BF33FE4D427}.Debug|x64.Build.0 = Debug|x64
		{EE4C969A-3347-49BA-BD44-3BF33FE4D427}.Debug|x86.ActiveCfg = Debug|Win32
		{EE4C969A-3347-49BA-BD44-3BF33FE4D427}.Debug|x86.Build.0 = Debug|Win32
		{EE4C969A-3347-49BA-BD44-3BF33FE4D427}.Release|x64.ActiveCfg = Release|x64
		{EE4C969A-3347-49BA-BD44-3BF33FE4D427}.Release|x64.Build.0 = Release|x64
		{EE4C969A-3347-49BA-BD44-3BF33FE4D427}.Release|x86.ActiveCfg = Release|Win32
		{EE4C969A-3347-49BA-BD44-3BF33FE4D427}.Release|x86.Build.0 = Release|Win32
		{FDF1A2D4-0E58-4F3A-94A5-22866E9F4912}.Debug|x64.ActiveCfg = Debug|x64
		{FDF1A2D4-0E58-4F3A-94A5-22866E9F4912}.Debug|x64.Build.0 = Debug|x64
		{FDF1A2D4-0E58-4F3A-94A5-22866E9F4912}.Debug|x86.ActiveCfg = Debug|Win32
		{FDF1A2D4-0E58-4F3A-94A5-22866E9F4912}.Debug|x86.Build.0 = Debug|Win32
		{FDF1A2D4-0E58-4F3A-94A5-22866E9F4912}.Release|x64.ActiveCfg = Release|x64
		{FDF1A2D4-0E58-4F3A-94A5-22866E9F4912}.Release|x64.Build.0 = Release|x64
		{FDF1A2D4-0E58-4F3A-94A5-22866E9F4912}.Release|x86.ActiveCfg = Release|Win32
		{FDF1A2D4-0E58-4F3A-94A5-22866E9F4912}.Release|x86.Build.0 = Release|Win32
		{DF5F1781-6E02-4935-8D31-3ACDD0B49D0A}.Debug|x64.ActiveCfg = Debug|x64
		{DF5F1781-6E02-4935-8D31-3ACDD0B49D0A}.Debug|x64.Build.0 = Debug|x64
		{DF5F1781-6E02-4935-8D31-3ACDD0B49D0A}.Debug|x86.ActiveCfg = Debug|Win32
		{DF5F1781-6E02-4935-8D31-3ACDD0B49D0A}.Debug|x86.Build.0 = Debug|Win32
		{DF5F1781-6E02-4935-8D31-3ACDD0B49D0A}.Release|x64.ActiveCfg = Release|x64
		{DF5F1781-6E02-4935-8D31-3ACDD0B49D0A}.Release|x64.Build.0 = Release|x64
		{DF5F1781-6E02-4935-8D31-3ACDD0B49D0A}.Release|x86.ActiveCfg = Release|Win32
		{DF5F1781-6E02-4935-8D31-3ACDD0B49D0A}.Release|x86.Build.0 = Release|Win32
		{32A0DCE6-5674-47E8-8F40-61A5A9153255}.Debug|x64.ActiveCfg = Debug|x64
		{32A0DCE6-5674-47E8-8F40-61A5A9153255}.Debug|x64.Build.0 = Debug|x64
		{32A0DCE6-5674-47E8-8F40-61A5A9153255}.Debug|x86.ActiveCfg = Debug|Win32
		{32A0DCE6-5674-47E8-8F40-61A5A9153255}.Debug|x86.Build.0 = Debug|Win32
		{32A0DCE6-5674-47E8-8F40-61A5A9153255}.Release|x64.ActiveCfg = Release|x64
		{32A0DCE6-5674-47E8-8F40-61A5A9153255}.Release|x64.Build.0 = Release|x64
		{32A0DCE6-5674-47E8-8F40-61A5A9153255}.Release|x86.ActiveCfg = Release|Win32
		{32A0DCE6-5674-47E8-8F40-61A5A9153255}.Release|x86.Build.0 = Release|Win32
		{3AA19525-C776-466F-9503-EFC3198A1461}.Debug|x64.ActiveCfg = Debug|x64
		{3AA19525-C776-466F-9503-EFC3198A1461}.Debug|x64.Build.0 = Debug|x64
		{3AA19525-C776-466F-9503-EFC3198A1461}.Debug|x86.ActiveCfg = Debug|Win32
		{3AA19525-C776-466F-9503-EFC3198A1461}.Debug|x86.Build.0 = Debug|Win32
		{3AA19525-C776-466F-9503-EFC3198A1461}.Release|x64.ActiveCfg = Release|x64
		{3AA19525-C776-466F-9503-EFC3198A1461}.Release|x64.Build.0 = Release|x64
		{3AA19525-C776-466F-9503-EFC3198A1461}.Release|x86.ActiveCfg = Release|Win32
		{3AA19525-C776-466F-9503-EFC3198A1461}.Release|x86.Build.0 = Release|Win32
		{D8324923-B831-41CA-A62B-C8756F73A40A}.Debug|x64.ActiveCfg = Debug|x64
		{D8324923-B831-41CA-A62B-C8756F73A40A}.Debug|x64.Build.0 = Debug|x64
		{D8324923-B831-41CA-A62B-C8756F73A40A}.Debug|x86.ActiveCfg = Debug|Win32
		{D8324923-B831-41CA-A62B-C8756F73A40A}.Debug|x86.Build.0 = Debug|Win32
		{D8324923-B831-41CA-A62B-C8756F73A40A}.Release|x64.ActiveCfg = Release|x64
		{D8324923-B831-41CA-A62B-C8756F73A40A}.Release|x64.Build.0 = Release|x64
		{D8324923-B831-41CA-A62B-C8756F73A40A}.Release|x86.ActiveCfg = Release|Win32
		{D8324923-B831-41CA-A62B-C8756F73A40A}.Release|x86.Build.0 = Release|Win32
	EndGlobalSection
	GlobalSection(SolutionProperties) = preSolution
		HideSolutionNode = FALSE
	EndGlobalSection
	GlobalSection(ExtensibilityGlobals) = postSolution
		SolutionGuid = {3693ED14-6C38-4337-BD60-637576DE9E3C}
	EndGlobalSection
EndGlobal
