
Microsoft Visual Studio Solution File, Format Version 12.00
# Visual Studio Version 17
VisualStudioVersion = 17.9.34622.214
MinimumVisualStudioVersion = 10.0.40219.1
Project("{8BC9CEB8-8B4A-11D0-8D11-00A0C91BC942}") = "23521490_VuHieuThien_BTQT3", "23521490_VuHieuThien_BTQT3\23521490_VuHieuThien_BTQT3.vcxproj", "{B7EA7F18-F805-46A0-9416-E3060DF15AFB}"
EndProject
Project("{8BC9CEB8-8B4A-11D0-8D11-00A0C91BC942}") = "BT01", "BT01\BT01.vcxproj", "{89938204-0388-4E02-B098-C62BE9034CCB}"
EndProject
Project("{8BC9CEB8-8B4A-11D0-8D11-00A0C91BC942}") = "BT02", "BT02\BT02.vcxproj", "{BB95F7E0-DA89-4031-93CD-5838ED896703}"
EndProject
Global
	GlobalSection(SolutionConfigurationPlatforms) = preSolution
		Debug|x64 = Debug|x64
		Debug|x86 = Debug|x86
		Release|x64 = Release|x64
		Release|x86 = Release|x86
	EndGlobalSection
	GlobalSection(ProjectConfigurationPlatforms) = postSolution
		{B7EA7F18-F805-46A0-9416-E3060DF15AFB}.Debug|x64.ActiveCfg = Debug|x64
		{B7EA7F18-F805-46A0-9416-E3060DF15AFB}.Debug|x64.Build.0 = Debug|x64
		{B7EA7F18-F805-46A0-9416-E3060DF15AFB}.Debug|x86.ActiveCfg = Debug|Win32
		{B7EA7F18-F805-46A0-9416-E3060DF15AFB}.Debug|x86.Build.0 = Debug|Win32
		{B7EA7F18-F805-46A0-9416-E3060DF15AFB}.Release|x64.ActiveCfg = Release|x64
		{B7EA7F18-F805-46A0-9416-E3060DF15AFB}.Release|x64.Build.0 = Release|x64
		{B7EA7F18-F805-46A0-9416-E3060DF15AFB}.Release|x86.ActiveCfg = Release|Win32
		{B7EA7F18-F805-46A0-9416-E3060DF15AFB}.Release|x86.Build.0 = Release|Win32
		{89938204-0388-4E02-B098-C62BE9034CCB}.Debug|x64.ActiveCfg = Debug|x64
		{89938204-0388-4E02-B098-C62BE9034CCB}.Debug|x64.Build.0 = Debug|x64
		{89938204-0388-4E02-B098-C62BE9034CCB}.Debug|x86.ActiveCfg = Debug|Win32
		{89938204-0388-4E02-B098-C62BE9034CCB}.Debug|x86.Build.0 = Debug|Win32
		{89938204-0388-4E02-B098-C62BE9034CCB}.Release|x64.ActiveCfg = Release|x64
		{89938204-0388-4E02-B098-C62BE9034CCB}.Release|x64.Build.0 = Release|x64
		{89938204-0388-4E02-B098-C62BE9034CCB}.Release|x86.ActiveCfg = Release|Win32
		{89938204-0388-4E02-B098-C62BE9034CCB}.Release|x86.Build.0 = Release|Win32
		{BB95F7E0-DA89-4031-93CD-5838ED896703}.Debug|x64.ActiveCfg = Debug|x64
		{BB95F7E0-DA89-4031-93CD-5838ED896703}.Debug|x64.Build.0 = Debug|x64
		{BB95F7E0-DA89-4031-93CD-5838ED896703}.Debug|x86.ActiveCfg = Debug|Win32
		{BB95F7E0-DA89-4031-93CD-5838ED896703}.Debug|x86.Build.0 = Debug|Win32
		{BB95F7E0-DA89-4031-93CD-5838ED896703}.Release|x64.ActiveCfg = Release|x64
		{BB95F7E0-DA89-4031-93CD-5838ED896703}.Release|x64.Build.0 = Release|x64
		{BB95F7E0-DA89-4031-93CD-5838ED896703}.Release|x86.ActiveCfg = Release|Win32
		{BB95F7E0-DA89-4031-93CD-5838ED896703}.Release|x86.Build.0 = Release|Win32
	EndGlobalSection
	GlobalSection(SolutionProperties) = preSolution
		HideSolutionNode = FALSE
	EndGlobalSection
	GlobalSection(ExtensibilityGlobals) = postSolution
		SolutionGuid = {2C6C1D19-2E7C-4B3F-9DFB-48D2F600F952}
	EndGlobalSection
EndGlobal
